
Microsoft Visual Studio Solution File, Format Version 12.00
# Visual Studio 15
VisualStudioVersion = 15.0.28307.421
MinimumVisualStudioVersion = 10.0.40219.1
Project("{FAE04EC0-301F-11D3-BF4B-00C04F79EFBC}") = "IceCreamShopModel", "IceCreamShopModel\IceCreamShopModel.csproj", "{2AB240A2-75A7-4B74-97FB-66EE0558632B}"
EndProject
Project("{FAE04EC0-301F-11D3-BF4B-00C04F79EFBC}") = "IceCreamShopServiceDAL", "IceCreamShopServiceDAL\IceCreamShopServiceDAL.csproj", "{50BF1CC6-A292-476E-8E20-0B474C477F1B}"
EndProject
Project("{FAE04EC0-301F-11D3-BF4B-00C04F79EFBC}") = "IceCreamShopServiceImplement", "IceCreamShopServiceImplement\IceCreamShopServiceImplement.csproj", "{8843B9EE-545C-41A9-BB44-8AD64BB1301A}"
EndProject
Project("{FAE04EC0-301F-11D3-BF4B-00C04F79EFBC}") = "IceCreamShopView", "IceCreamShopView\IceCreamShopView.csproj", "{6F993EDC-A82B-417B-8671-21E3C6C284BF}"
EndProject
Project("{FAE04EC0-301F-11D3-BF4B-00C04F79EFBC}") = "IceCreamShopServiceImplementDataBase", "IceCreamShopServiceImplementDataBase\IceCreamShopServiceImplementDataBase.csproj", "{9F385E32-A58D-45BA-98C0-DEECFC93A6C2}"
EndProject
Project("{FAE04EC0-301F-11D3-BF4B-00C04F79EFBC}") = "IceCreamShopWeb", "IceCreamShopWeb\IceCreamShopWeb.csproj", "{76F8249A-BD29-47E4-B0A1-F5A2D949DDC3}"
EndProject
Global
	GlobalSection(SolutionConfigurationPlatforms) = preSolution
		Debug|Any CPU = Debug|Any CPU
		Release|Any CPU = Release|Any CPU
	EndGlobalSection
	GlobalSection(ProjectConfigurationPlatforms) = postSolution
		{2AB240A2-75A7-4B74-97FB-66EE0558632B}.Debug|Any CPU.ActiveCfg = Debug|Any CPU
		{2AB240A2-75A7-4B74-97FB-66EE0558632B}.Debug|Any CPU.Build.0 = Debug|Any CPU
		{2AB240A2-75A7-4B74-97FB-66EE0558632B}.Release|Any CPU.ActiveCfg = Release|Any CPU
		{2AB240A2-75A7-4B74-97FB-66EE0558632B}.Release|Any CPU.Build.0 = Release|Any CPU
		{50BF1CC6-A292-476E-8E20-0B474C477F1B}.Debug|Any CPU.ActiveCfg = Debug|Any CPU
		{50BF1CC6-A292-476E-8E20-0B474C477F1B}.Debug|Any CPU.Build.0 = Debug|Any CPU
		{50BF1CC6-A292-476E-8E20-0B474C477F1B}.Release|Any CPU.ActiveCfg = Release|Any CPU
		{50BF1CC6-A292-476E-8E20-0B474C477F1B}.Release|Any CPU.Build.0 = Release|Any CPU
		{8843B9EE-545C-41A9-BB44-8AD64BB1301A}.Debug|Any CPU.ActiveCfg = Debug|Any CPU
		{8843B9EE-545C-41A9-BB44-8AD64BB1301A}.Debug|Any CPU.Build.0 = Debug|Any CPU
		{8843B9EE-545C-41A9-BB44-8AD64BB1301A}.Release|Any CPU.ActiveCfg = Release|Any CPU
		{8843B9EE-545C-41A9-BB44-8AD64BB1301A}.Release|Any CPU.Build.0 = Release|Any CPU
		{6F993EDC-A82B-417B-8671-21E3C6C284BF}.Debug|Any CPU.ActiveCfg = Debug|Any CPU
		{6F993EDC-A82B-417B-8671-21E3C6C284BF}.Debug|Any CPU.Build.0 = Debug|Any CPU
		{6F993EDC-A82B-417B-8671-21E3C6C284BF}.Release|Any CPU.ActiveCfg = Release|Any CPU
		{6F993EDC-A82B-417B-8671-21E3C6C284BF}.Release|Any CPU.Build.0 = Release|Any CPU
		{76F8249A-BD29-47E4-B0A1-F5A2D949DDC3}.Debug|Any CPU.ActiveCfg = Debug|Any CPU
		{76F8249A-BD29-47E4-B0A1-F5A2D949DDC3}.Debug|Any CPU.Build.0 = Debug|Any CPU
		{76F8249A-BD29-47E4-B0A1-F5A2D949DDC3}.Release|Any CPU.ActiveCfg = Release|Any CPU
		{76F8249A-BD29-47E4-B0A1-F5A2D949DDC3}.Release|Any CPU.Build.0 = Release|Any CPU
		{9F385E32-A58D-45BA-98C0-DEECFC93A6C2}.Debug|Any CPU.ActiveCfg = Debug|Any CPU
		{9F385E32-A58D-45BA-98C0-DEECFC93A6C2}.Debug|Any CPU.Build.0 = Debug|Any CPU
		{9F385E32-A58D-45BA-98C0-DEECFC93A6C2}.Release|Any CPU.ActiveCfg = Release|Any CPU
		{9F385E32-A58D-45BA-98C0-DEECFC93A6C2}.Release|Any CPU.Build.0 = Release|Any CPU
	EndGlobalSection
	GlobalSection(SolutionProperties) = preSolution
		HideSolutionNode = FALSE
	EndGlobalSection
	GlobalSection(ExtensibilityGlobals) = postSolution
		SolutionGuid = {6BEE0F8E-EC20-4EE6-9FCE-CFEF9C8E32C7}
	EndGlobalSection
EndGlobal
